// !$*UTF8*$!
{
	archiveVersion = 1;
	classes = {
	};
	objectVersion = 46;
	objects = {

/* Begin PBXBuildFile section */
		96F992E81A8018D9004FAE57 /* AppDelegate.swift in Sources */ = {isa = PBXBuildFile; fileRef = 96F992E71A8018D9004FAE57 /* AppDelegate.swift */; };
		96F992EA1A8018D9004FAE57 /* ViewController.swift in Sources */ = {isa = PBXBuildFile; fileRef = 96F992E91A8018D9004FAE57 /* ViewController.swift */; };
		96F992ED1A8018D9004FAE57 /* Main.storyboard in Resources */ = {isa = PBXBuildFile; fileRef = 96F992EB1A8018D9004FAE57 /* Main.storyboard */; };
		96F992EF1A8018D9004FAE57 /* Images.xcassets in Resources */ = {isa = PBXBuildFile; fileRef = 96F992EE1A8018D9004FAE57 /* Images.xcassets */; };
		96F992F21A8018D9004FAE57 /* LaunchScreen.xib in Resources */ = {isa = PBXBuildFile; fileRef = 96F992F01A8018D9004FAE57 /* LaunchScreen.xib */; };
		96F992FE1A8018D9004FAE57 /* DemoProjectTests.swift in Sources */ = {isa = PBXBuildFile; fileRef = 96F992FD1A8018D9004FAE57 /* DemoProjectTests.swift */; };
		96F993151A801965004FAE57 /* libHockeySDK.a in Frameworks */ = {isa = PBXBuildFile; fileRef = 96F993101A801951004FAE57 /* libHockeySDK.a */; };
		96F993171A80197A004FAE57 /* CrashReporter.framework in Frameworks */ = {isa = PBXBuildFile; fileRef = 96F993161A80197A004FAE57 /* CrashReporter.framework */; };
		96F993191A80198A004FAE57 /* AssetsLibrary.framework in Frameworks */ = {isa = PBXBuildFile; fileRef = 96F993181A80198A004FAE57 /* AssetsLibrary.framework */; };
		96F9931B1A801990004FAE57 /* CoreText.framework in Frameworks */ = {isa = PBXBuildFile; fileRef = 96F9931A1A801990004FAE57 /* CoreText.framework */; };
		96F9931D1A80199C004FAE57 /* Foundation.framework in Frameworks */ = {isa = PBXBuildFile; fileRef = 96F9931C1A80199C004FAE57 /* Foundation.framework */; };
		96F9931F1A8019A2004FAE57 /* MobileCoreServices.framework in Frameworks */ = {isa = PBXBuildFile; fileRef = 96F9931E1A8019A2004FAE57 /* MobileCoreServices.framework */; };
		96F993211A8019A8004FAE57 /* QuartzCore.framework in Frameworks */ = {isa = PBXBuildFile; fileRef = 96F993201A8019A8004FAE57 /* QuartzCore.framework */; };
		96F993231A8019AD004FAE57 /* QuickLook.framework in Frameworks */ = {isa = PBXBuildFile; fileRef = 96F993221A8019AD004FAE57 /* QuickLook.framework */; };
		96F993251A8019B3004FAE57 /* Security.framework in Frameworks */ = {isa = PBXBuildFile; fileRef = 96F993241A8019B3004FAE57 /* Security.framework */; };
		96F993271A8019BA004FAE57 /* SystemConfiguration.framework in Frameworks */ = {isa = PBXBuildFile; fileRef = 96F993261A8019BA004FAE57 /* SystemConfiguration.framework */; };
		96F993291A8019C1004FAE57 /* UIKit.framework in Frameworks */ = {isa = PBXBuildFile; fileRef = 96F993281A8019C1004FAE57 /* UIKit.framework */; };
		96F9932A1A8019E4004FAE57 /* HockeySDKResources.bundle in Resources */ = {isa = PBXBuildFile; fileRef = 96F993121A801951004FAE57 /* HockeySDKResources.bundle */; };
/* End PBXBuildFile section */

/* Begin PBXContainerItemProxy section */
		96F992F81A8018D9004FAE57 /* PBXContainerItemProxy */ = {
			isa = PBXContainerItemProxy;
			containerPortal = 96F992DA1A8018D8004FAE57 /* Project object */;
			proxyType = 1;
			remoteGlobalIDString = 96F992E11A8018D9004FAE57;
			remoteInfo = DemoProject;
		};
		96F9930F1A801951004FAE57 /* PBXContainerItemProxy */ = {
			isa = PBXContainerItemProxy;
			containerPortal = 96F993071A801951004FAE57 /* HockeySDK.xcodeproj */;
			proxyType = 2;
			remoteGlobalIDString = 1E5954F215B6F24A00A03429;
			remoteInfo = HockeySDK;
		};
		96F993111A801951004FAE57 /* PBXContainerItemProxy */ = {
			isa = PBXContainerItemProxy;
			containerPortal = 96F993071A801951004FAE57 /* HockeySDK.xcodeproj */;
			proxyType = 2;
			remoteGlobalIDString = 1E59550A15B6F45800A03429;
			remoteInfo = HockeySDKResources;
		};
		96F993131A801951004FAE57 /* PBXContainerItemProxy */ = {
			isa = PBXContainerItemProxy;
			containerPortal = 96F993071A801951004FAE57 /* HockeySDK.xcodeproj */;
			proxyType = 2;
			remoteGlobalIDString = 1E5A459016F0DFC200B55C04;
			remoteInfo = HockeySDKTests;
		};
/* End PBXContainerItemProxy section */

/* Begin PBXFileReference section */
		96F992E21A8018D9004FAE57 /* DemoProject.app */ = {isa = PBXFileReference; explicitFileType = wrapper.application; includeInIndex = 0; path = DemoProject.app; sourceTree = BUILT_PRODUCTS_DIR; };
		96F992E61A8018D9004FAE57 /* Info.plist */ = {isa = PBXFileReference; lastKnownFileType = text.plist.xml; path = Info.plist; sourceTree = "<group>"; };
		96F992E71A8018D9004FAE57 /* AppDelegate.swift */ = {isa = PBXFileReference; lastKnownFileType = sourcecode.swift; path = AppDelegate.swift; sourceTree = "<group>"; };
		96F992E91A8018D9004FAE57 /* ViewController.swift */ = {isa = PBXFileReference; lastKnownFileType = sourcecode.swift; path = ViewController.swift; sourceTree = "<group>"; };
		96F992EC1A8018D9004FAE57 /* Base */ = {isa = PBXFileReference; lastKnownFileType = file.storyboard; name = Base; path = Base.lproj/Main.storyboard; sourceTree = "<group>"; };
		96F992EE1A8018D9004FAE57 /* Images.xcassets */ = {isa = PBXFileReference; lastKnownFileType = folder.assetcatalog; path = Images.xcassets; sourceTree = "<group>"; };
		96F992F11A8018D9004FAE57 /* Base */ = {isa = PBXFileReference; lastKnownFileType = file.xib; name = Base; path = Base.lproj/LaunchScreen.xib; sourceTree = "<group>"; };
		96F992F71A8018D9004FAE57 /* DemoProjectTests.xctest */ = {isa = PBXFileReference; explicitFileType = wrapper.cfbundle; includeInIndex = 0; path = DemoProjectTests.xctest; sourceTree = BUILT_PRODUCTS_DIR; };
		96F992FC1A8018D9004FAE57 /* Info.plist */ = {isa = PBXFileReference; lastKnownFileType = text.plist.xml; path = Info.plist; sourceTree = "<group>"; };
		96F992FD1A8018D9004FAE57 /* DemoProjectTests.swift */ = {isa = PBXFileReference; lastKnownFileType = sourcecode.swift; path = DemoProjectTests.swift; sourceTree = "<group>"; };
		96F993071A801951004FAE57 /* HockeySDK.xcodeproj */ = {isa = PBXFileReference; lastKnownFileType = "wrapper.pb-project"; name = HockeySDK.xcodeproj; path = Vendor/HockeySDK/Support/HockeySDK.xcodeproj; sourceTree = "<group>"; };
		96F993161A80197A004FAE57 /* CrashReporter.framework */ = {isa = PBXFileReference; lastKnownFileType = wrapper.framework; name = CrashReporter.framework; path = Vendor/HockeySDK/Vendor/CrashReporter.framework; sourceTree = "<group>"; };
		96F993181A80198A004FAE57 /* AssetsLibrary.framework */ = {isa = PBXFileReference; lastKnownFileType = wrapper.framework; name = AssetsLibrary.framework; path = System/Library/Frameworks/AssetsLibrary.framework; sourceTree = SDKROOT; };
		96F9931A1A801990004FAE57 /* CoreText.framework */ = {isa = PBXFileReference; lastKnownFileType = wrapper.framework; name = CoreText.framework; path = System/Library/Frameworks/CoreText.framework; sourceTree = SDKROOT; };
		96F9931C1A80199C004FAE57 /* Foundation.framework */ = {isa = PBXFileReference; lastKnownFileType = wrapper.framework; name = Foundation.framework; path = System/Library/Frameworks/Foundation.framework; sourceTree = SDKROOT; };
		96F9931E1A8019A2004FAE57 /* MobileCoreServices.framework */ = {isa = PBXFileReference; lastKnownFileType = wrapper.framework; name = MobileCoreServices.framework; path = System/Library/Frameworks/MobileCoreServices.framework; sourceTree = SDKROOT; };
		96F993201A8019A8004FAE57 /* QuartzCore.framework */ = {isa = PBXFileReference; lastKnownFileType = wrapper.framework; name = QuartzCore.framework; path = System/Library/Frameworks/QuartzCore.framework; sourceTree = SDKROOT; };
		96F993221A8019AD004FAE57 /* QuickLook.framework */ = {isa = PBXFileReference; lastKnownFileType = wrapper.framework; name = QuickLook.framework; path = System/Library/Frameworks/QuickLook.framework; sourceTree = SDKROOT; };
		96F993241A8019B3004FAE57 /* Security.framework */ = {isa = PBXFileReference; lastKnownFileType = wrapper.framework; name = Security.framework; path = System/Library/Frameworks/Security.framework; sourceTree = SDKROOT; };
		96F993261A8019BA004FAE57 /* SystemConfiguration.framework */ = {isa = PBXFileReference; lastKnownFileType = wrapper.framework; name = SystemConfiguration.framework; path = System/Library/Frameworks/SystemConfiguration.framework; sourceTree = SDKROOT; };
		96F993281A8019C1004FAE57 /* UIKit.framework */ = {isa = PBXFileReference; lastKnownFileType = wrapper.framework; name = UIKit.framework; path = System/Library/Frameworks/UIKit.framework; sourceTree = SDKROOT; };
/* End PBXFileReference section */

/* Begin PBXFrameworksBuildPhase section */
		96F992DF1A8018D9004FAE57 /* Frameworks */ = {
			isa = PBXFrameworksBuildPhase;
			buildActionMask = 2147483647;
			files = (
				96F993291A8019C1004FAE57 /* UIKit.framework in Frameworks */,
				96F993271A8019BA004FAE57 /* SystemConfiguration.framework in Frameworks */,
				96F993251A8019B3004FAE57 /* Security.framework in Frameworks */,
				96F993231A8019AD004FAE57 /* QuickLook.framework in Frameworks */,
				96F993211A8019A8004FAE57 /* QuartzCore.framework in Frameworks */,
				96F9931F1A8019A2004FAE57 /* MobileCoreServices.framework in Frameworks */,
				96F9931D1A80199C004FAE57 /* Foundation.framework in Frameworks */,
				96F9931B1A801990004FAE57 /* CoreText.framework in Frameworks */,
				96F993191A80198A004FAE57 /* AssetsLibrary.framework in Frameworks */,
				96F993171A80197A004FAE57 /* CrashReporter.framework in Frameworks */,
				96F993151A801965004FAE57 /* libHockeySDK.a in Frameworks */,
			);
			runOnlyForDeploymentPostprocessing = 0;
		};
		96F992F41A8018D9004FAE57 /* Frameworks */ = {
			isa = PBXFrameworksBuildPhase;
			buildActionMask = 2147483647;
			files = (
			);
			runOnlyForDeploymentPostprocessing = 0;
		};
/* End PBXFrameworksBuildPhase section */

/* Begin PBXGroup section */
		96F992D91A8018D8004FAE57 = {
			isa = PBXGroup;
			children = (
				96F993281A8019C1004FAE57 /* UIKit.framework */,
				96F993261A8019BA004FAE57 /* SystemConfiguration.framework */,
				96F993241A8019B3004FAE57 /* Security.framework */,
				96F993221A8019AD004FAE57 /* QuickLook.framework */,
				96F993201A8019A8004FAE57 /* QuartzCore.framework */,
				96F9931E1A8019A2004FAE57 /* MobileCoreServices.framework */,
				96F9931C1A80199C004FAE57 /* Foundation.framework */,
				96F9931A1A801990004FAE57 /* CoreText.framework */,
				96F993181A80198A004FAE57 /* AssetsLibrary.framework */,
				96F993161A80197A004FAE57 /* CrashReporter.framework */,
				96F992E41A8018D9004FAE57 /* DemoProject */,
				96F992FA1A8018D9004FAE57 /* DemoProjectTests */,
				96F992E31A8018D9004FAE57 /* Products */,
				96F993071A801951004FAE57 /* HockeySDK.xcodeproj */,
			);
			sourceTree = "<group>";
		};
		96F992E31A8018D9004FAE57 /* Products */ = {
			isa = PBXGroup;
			children = (
				96F992E21A8018D9004FAE57 /* DemoProject.app */,
				96F992F71A8018D9004FAE57 /* DemoProjectTests.xctest */,
			);
			name = Products;
			sourceTree = "<group>";
		};
		96F992E41A8018D9004FAE57 /* DemoProject */ = {
			isa = PBXGroup;
			children = (
				96F992E71A8018D9004FAE57 /* AppDelegate.swift */,
				96F992E91A8018D9004FAE57 /* ViewController.swift */,
				96F992EB1A8018D9004FAE57 /* Main.storyboard */,
				96F992EE1A8018D9004FAE57 /* Images.xcassets */,
				96F992F01A8018D9004FAE57 /* LaunchScreen.xib */,
				96F992E51A8018D9004FAE57 /* Supporting Files */,
			);
			path = DemoProject;
			sourceTree = "<group>";
		};
		96F992E51A8018D9004FAE57 /* Supporting Files */ = {
			isa = PBXGroup;
			children = (
				96F992E61A8018D9004FAE57 /* Info.plist */,
			);
			name = "Supporting Files";
			sourceTree = "<group>";
		};
		96F992FA1A8018D9004FAE57 /* DemoProjectTests */ = {
			isa = PBXGroup;
			children = (
				96F992FD1A8018D9004FAE57 /* DemoProjectTests.swift */,
				96F992FB1A8018D9004FAE57 /* Supporting Files */,
			);
			path = DemoProjectTests;
			sourceTree = "<group>";
		};
		96F992FB1A8018D9004FAE57 /* Supporting Files */ = {
			isa = PBXGroup;
			children = (
				96F992FC1A8018D9004FAE57 /* Info.plist */,
			);
			name = "Supporting Files";
			sourceTree = "<group>";
		};
		96F993081A801951004FAE57 /* Products */ = {
			isa = PBXGroup;
			children = (
				96F993101A801951004FAE57 /* libHockeySDK.a */,
				96F993121A801951004FAE57 /* HockeySDKResources.bundle */,
				96F993141A801951004FAE57 /* HockeySDKTests.xctest */,
			);
			name = Products;
			sourceTree = "<group>";
		};
/* End PBXGroup section */

/* Begin PBXNativeTarget section */
		96F992E11A8018D9004FAE57 /* DemoProject */ = {
			isa = PBXNativeTarget;
			buildConfigurationList = 96F993011A8018D9004FAE57 /* Build configuration list for PBXNativeTarget "DemoProject" */;
			buildPhases = (
				96F992DE1A8018D9004FAE57 /* Sources */,
				96F992DF1A8018D9004FAE57 /* Frameworks */,
				96F992E01A8018D9004FAE57 /* Resources */,
			);
			buildRules = (
			);
			dependencies = (
			);
			name = DemoProject;
			productName = DemoProject;
			productReference = 96F992E21A8018D9004FAE57 /* DemoProject.app */;
			productType = "com.apple.product-type.application";
		};
		96F992F61A8018D9004FAE57 /* DemoProjectTests */ = {
			isa = PBXNativeTarget;
			buildConfigurationList = 96F993041A8018D9004FAE57 /* Build configuration list for PBXNativeTarget "DemoProjectTests" */;
			buildPhases = (
				96F992F31A8018D9004FAE57 /* Sources */,
				96F992F41A8018D9004FAE57 /* Frameworks */,
				96F992F51A8018D9004FAE57 /* Resources */,
			);
			buildRules = (
			);
			dependencies = (
				96F992F91A8018D9004FAE57 /* PBXTargetDependency */,
			);
			name = DemoProjectTests;
			productName = DemoProjectTests;
			productReference = 96F992F71A8018D9004FAE57 /* DemoProjectTests.xctest */;
			productType = "com.apple.product-type.bundle.unit-test";
		};
/* End PBXNativeTarget section */

/* Begin PBXProject section */
		96F992DA1A8018D8004FAE57 /* Project object */ = {
			isa = PBXProject;
			attributes = {
				LastUpgradeCheck = 0610;
				ORGANIZATIONNAME = "Gin Lane Media";
				TargetAttributes = {
					96F992E11A8018D9004FAE57 = {
						CreatedOnToolsVersion = 6.1.1;
					};
					96F992F61A8018D9004FAE57 = {
						CreatedOnToolsVersion = 6.1.1;
						TestTargetID = 96F992E11A8018D9004FAE57;
					};
				};
			};
			buildConfigurationList = 96F992DD1A8018D8004FAE57 /* Build configuration list for PBXProject "DemoProject" */;
			compatibilityVersion = "Xcode 3.2";
			developmentRegion = English;
			hasScannedForEncodings = 0;
			knownRegions = (
				en,
				Base,
			);
			mainGroup = 96F992D91A8018D8004FAE57;
			productRefGroup = 96F992E31A8018D9004FAE57 /* Products */;
			projectDirPath = "";
			projectReferences = (
				{
					ProductGroup = 96F993081A801951004FAE57 /* Products */;
					ProjectRef = 96F993071A801951004FAE57 /* HockeySDK.xcodeproj */;
				},
			);
			projectRoot = "";
			targets = (
				96F992E11A8018D9004FAE57 /* DemoProject */,
				96F992F61A8018D9004FAE57 /* DemoProjectTests */,
			);
		};
/* End PBXProject section */

/* Begin PBXReferenceProxy section */
		96F993101A801951004FAE57 /* libHockeySDK.a */ = {
			isa = PBXReferenceProxy;
			fileType = archive.ar;
			path = libHockeySDK.a;
			remoteRef = 96F9930F1A801951004FAE57 /* PBXContainerItemProxy */;
			sourceTree = BUILT_PRODUCTS_DIR;
		};
		96F993121A801951004FAE57 /* HockeySDKResources.bundle */ = {
			isa = PBXReferenceProxy;
			fileType = wrapper.cfbundle;
			path = HockeySDKResources.bundle;
			remoteRef = 96F993111A801951004FAE57 /* PBXContainerItemProxy */;
			sourceTree = BUILT_PRODUCTS_DIR;
		};
		96F993141A801951004FAE57 /* HockeySDKTests.xctest */ = {
			isa = PBXReferenceProxy;
			fileType = wrapper.cfbundle;
			path = HockeySDKTests.xctest;
			remoteRef = 96F993131A801951004FAE57 /* PBXContainerItemProxy */;
			sourceTree = BUILT_PRODUCTS_DIR;
		};
/* End PBXReferenceProxy section */

/* Begin PBXResourcesBuildPhase section */
		96F992E01A8018D9004FAE57 /* Resources */ = {
			isa = PBXResourcesBuildPhase;
			buildActionMask = 2147483647;
			files = (
				96F9932A1A8019E4004FAE57 /* HockeySDKResources.bundle in Resources */,
				96F992ED1A8018D9004FAE57 /* Main.storyboard in Resources */,
				96F992F21A8018D9004FAE57 /* LaunchScreen.xib in Resources */,
				96F992EF1A8018D9004FAE57 /* Images.xcassets in Resources */,
			);
			runOnlyForDeploymentPostprocessing = 0;
		};
		96F992F51A8018D9004FAE57 /* Resources */ = {
			isa = PBXResourcesBuildPhase;
			buildActionMask = 2147483647;
			files = (
			);
			runOnlyForDeploymentPostprocessing = 0;
		};
/* End PBXResourcesBuildPhase section */

/* Begin PBXSourcesBuildPhase section */
		96F992DE1A8018D9004FAE57 /* Sources */ = {
			isa = PBXSourcesBuildPhase;
			buildActionMask = 2147483647;
			files = (
				96F992EA1A8018D9004FAE57 /* ViewController.swift in Sources */,
				96F992E81A8018D9004FAE57 /* AppDelegate.swift in Sources */,
			);
			runOnlyForDeploymentPostprocessing = 0;
		};
		96F992F31A8018D9004FAE57 /* Sources */ = {
			isa = PBXSourcesBuildPhase;
			buildActionMask = 2147483647;
			files = (
				96F992FE1A8018D9004FAE57 /* DemoProjectTests.swift in Sources */,
			);
			runOnlyForDeploymentPostprocessing = 0;
		};
/* End PBXSourcesBuildPhase section */

/* Begin PBXTargetDependency section */
		96F992F91A8018D9004FAE57 /* PBXTargetDependency */ = {
			isa = PBXTargetDependency;
			target = 96F992E11A8018D9004FAE57 /* DemoProject */;
			targetProxy = 96F992F81A8018D9004FAE57 /* PBXContainerItemProxy */;
		};
/* End PBXTargetDependency section */

/* Begin PBXVariantGroup section */
		96F992EB1A8018D9004FAE57 /* Main.storyboard */ = {
			isa = PBXVariantGroup;
			children = (
				96F992EC1A8018D9004FAE57 /* Base */,
			);
			name = Main.storyboard;
			sourceTree = "<group>";
		};
		96F992F01A8018D9004FAE57 /* LaunchScreen.xib */ = {
			isa = PBXVariantGroup;
			children = (
				96F992F11A8018D9004FAE57 /* Base */,
			);
			name = LaunchScreen.xib;
			sourceTree = "<group>";
		};
/* End PBXVariantGroup section */

/* Begin XCBuildConfiguration section */
		96F992FF1A8018D9004FAE57 /* Debug */ = {
			isa = XCBuildConfiguration;
			buildSettings = {
				ALWAYS_SEARCH_USER_PATHS = NO;
				CLANG_CXX_LANGUAGE_STANDARD = "gnu++0x";
				CLANG_CXX_LIBRARY = "libc++";
				CLANG_ENABLE_MODULES = YES;
				CLANG_ENABLE_OBJC_ARC = YES;
				CLANG_WARN_BOOL_CONVERSION = YES;
				CLANG_WARN_CONSTANT_CONVERSION = YES;
				CLANG_WARN_DIRECT_OBJC_ISA_USAGE = YES_ERROR;
				CLANG_WARN_EMPTY_BODY = YES;
				CLANG_WARN_ENUM_CONVERSION = YES;
				CLANG_WARN_INT_CONVERSION = YES;
				CLANG_WARN_OBJC_ROOT_CLASS = YES_ERROR;
				CLANG_WARN_UNREACHABLE_CODE = YES;
				CLANG_WARN__DUPLICATE_METHOD_MATCH = YES;
				"CODE_SIGN_IDENTITY[sdk=iphoneos*]" = "iPhone Developer";
				COPY_PHASE_STRIP = NO;
				ENABLE_STRICT_OBJC_MSGSEND = YES;
				GCC_C_LANGUAGE_STANDARD = gnu99;
				GCC_DYNAMIC_NO_PIC = NO;
				GCC_OPTIMIZATION_LEVEL = 0;
				GCC_PREPROCESSOR_DEFINITIONS = (
					"DEBUG=1",
					"$(inherited)",
				);
				GCC_SYMBOLS_PRIVATE_EXTERN = NO;
				GCC_WARN_64_TO_32_BIT_CONVERSION = YES;
				GCC_WARN_ABOUT_RETURN_TYPE = YES_ERROR;
				GCC_WARN_UNDECLARED_SELECTOR = YES;
				GCC_WARN_UNINITIALIZED_AUTOS = YES_AGGRESSIVE;
				GCC_WARN_UNUSED_FUNCTION = YES;
				GCC_WARN_UNUSED_VARIABLE = YES;
				IPHONEOS_DEPLOYMENT_TARGET = 8.1;
				MTL_ENABLE_DEBUG_INFO = YES;
				ONLY_ACTIVE_ARCH = YES;
				SDKROOT = iphoneos;
				SWIFT_OPTIMIZATION_LEVEL = "-Onone";
				TARGETED_DEVICE_FAMILY = "1,2";
			};
			name = Debug;
		};
		96F993001A8018D9004FAE57 /* Release */ = {
			isa = XCBuildConfiguration;
			buildSettings = {
				ALWAYS_SEARCH_USER_PATHS = NO;
				CLANG_CXX_LANGUAGE_STANDARD = "gnu++0x";
				CLANG_CXX_LIBRARY = "libc++";
				CLANG_ENABLE_MODULES = YES;
				CLANG_ENABLE_OBJC_ARC = YES;
				CLANG_WARN_BOOL_CONVERSION = YES;
				CLANG_WARN_CONSTANT_CONVERSION = YES;
				CLANG_WARN_DIRECT_OBJC_ISA_USAGE = YES_ERROR;
				CLANG_WARN_EMPTY_BODY = YES;
				CLANG_WARN_ENUM_CONVERSION = YES;
				CLANG_WARN_INT_CONVERSION = YES;
				CLANG_WARN_OBJC_ROOT_CLASS = YES_ERROR;
				CLANG_WARN_UNREACHABLE_CODE = YES;
				CLANG_WARN__DUPLICATE_METHOD_MATCH = YES;
				"CODE_SIGN_IDENTITY[sdk=iphoneos*]" = "iPhone Developer";
				COPY_PHASE_STRIP = YES;
				ENABLE_NS_ASSERTIONS = NO;
				ENABLE_STRICT_OBJC_MSGSEND = YES;
				GCC_C_LANGUAGE_STANDARD = gnu99;
				GCC_WARN_64_TO_32_BIT_CONVERSION = YES;
				GCC_WARN_ABOUT_RETURN_TYPE = YES_ERROR;
				GCC_WARN_UNDECLARED_SELECTOR = YES;
				GCC_WARN_UNINITIALIZED_AUTOS = YES_AGGRESSIVE;
				GCC_WARN_UNUSED_FUNCTION = YES;
				GCC_WARN_UNUSED_VARIABLE = YES;
				IPHONEOS_DEPLOYMENT_TARGET = 8.1;
				MTL_ENABLE_DEBUG_INFO = NO;
				SDKROOT = iphoneos;
				TARGETED_DEVICE_FAMILY = "1,2";
				VALIDATE_PRODUCT = YES;
			};
			name = Release;
		};
		96F993021A8018D9004FAE57 /* Debug */ = {
			isa = XCBuildConfiguration;
			buildSettings = {
				ASSETCATALOG_COMPILER_APPICON_NAME = AppIcon;
				FRAMEWORK_SEARCH_PATHS = (
					"$(inherited)",
					"$(PROJECT_DIR)/Vendor/HockeySDK/Vendor",
				);
				HEADER_SEARCH_PATHS = (
					"$(inherited)",
					/Applications/Xcode.app/Contents/Developer/Toolchains/XcodeDefault.xctoolchain/usr/include,
					"$(SRCROOT)/Vendor/HockeySDK/Classes",
				);
				INFOPLIST_FILE = DemoProject/Info.plist;
				LD_RUNPATH_SEARCH_PATHS = "$(inherited) @executable_path/Frameworks";
				PRODUCT_NAME = "$(TARGET_NAME)";
			};
			name = Debug;
		};
		96F993031A8018D9004FAE57 /* Release */ = {
			isa = XCBuildConfiguration;
			buildSettings = {
				ASSETCATALOG_COMPILER_APPICON_NAME = AppIcon;
				FRAMEWORK_SEARCH_PATHS = (
					"$(inherited)",
					"$(PROJECT_DIR)/Vendor/HockeySDK/Vendor",
				);
				HEADER_SEARCH_PATHS = (
					"$(inherited)",
					/Applications/Xcode.app/Contents/Developer/Toolchains/XcodeDefault.xctoolchain/usr/include,
					"$(SRCROOT)/Vendor/HockeySDK/Classes",
				);
				INFOPLIST_FILE = DemoProject/Info.plist;
				LD_RUNPATH_SEARCH_PATHS = "$(inherited) @executable_path/Frameworks";
				PRODUCT_NAME = "$(TARGET_NAME)";
			};
			name = Release;
		};
		96F993051A8018D9004FAE57 /* Debug */ = {
			isa = XCBuildConfiguration;
			buildSettings = {
				BUNDLE_LOADER = "$(TEST_HOST)";
				FRAMEWORK_SEARCH_PATHS = (
					"$(SDKROOT)/Developer/Library/Frameworks",
					"$(inherited)",
				);
				GCC_PREPROCESSOR_DEFINITIONS = (
					"DEBUG=1",
					"$(inherited)",
				);
				INFOPLIST_FILE = DemoProjectTests/Info.plist;
				LD_RUNPATH_SEARCH_PATHS = "$(inherited) @executable_path/Frameworks @loader_path/Frameworks";
				PRODUCT_NAME = "$(TARGET_NAME)";
				TEST_HOST = "$(BUILT_PRODUCTS_DIR)/DemoProject.app/DemoProject";
			};
			name = Debug;
		};
		96F993061A8018D9004FAE57 /* Release */ = {
			isa = XCBuildConfiguration;
			buildSettings = {
				BUNDLE_LOADER = "$(TEST_HOST)";
				FRAMEWORK_SEARCH_PATHS = (
					"$(SDKROOT)/Developer/Library/Frameworks",
					"$(inherited)",
				);
				INFOPLIST_FILE = DemoProjectTests/Info.plist;
				LD_RUNPATH_SEARCH_PATHS = "$(inherited) @executable_path/Frameworks @loader_path/Frameworks";
				PRODUCT_NAME = "$(TARGET_NAME)";
				TEST_HOST = "$(BUILT_PRODUCTS_DIR)/DemoProject.app/DemoProject";
			};
			name = Release;
		};
/* End XCBuildConfiguration section */

/* Begin XCConfigurationList section */
		96F992DD1A8018D8004FAE57 /* Build configuration list for PBXProject "DemoProject" */ = {
			isa = XCConfigurationList;
			buildConfigurations = (
				96F992FF1A8018D9004FAE57 /* Debug */,
				96F993001A8018D9004FAE57 /* Release */,
			);
			defaultConfigurationIsVisible = 0;
			defaultConfigurationName = Release;
		};
		96F993011A8018D9004FAE57 /* Build configuration list for PBXNativeTarget "DemoProject" */ = {
			isa = XCConfigurationList;
			buildConfigurations = (
				96F993021A8018D9004FAE57 /* Debug */,
				96F993031A8018D9004FAE57 /* Release */,
			);
			defaultConfigurationIsVisible = 0;
		};
		96F993041A8018D9004FAE57 /* Build configuration list for PBXNativeTarget "DemoProjectTests" */ = {
			isa = XCConfigurationList;
			buildConfigurations = (
				96F993051A8018D9004FAE57 /* Debug */,
				96F993061A8018D9004FAE57 /* Release */,
			);
			defaultConfigurationIsVisible = 0;
		};
/* End XCConfigurationList section */
	};
	rootObject = 96F992DA1A8018D8004FAE57 /* Project object */;
}
